
Microsoft Visual Studio Solution File, Format Version 12.00
# Visual Studio 15
VisualStudioVersion = 15.0.28307.1525
MinimumVisualStudioVersion = 10.0.40219.1
Project("{888888A0-9F3D-457C-B088-3A5042F75D52}") = "py", "py.pyproj", "{EA296237-7C75-45CA-9F0A-E871F1DE9B1D}"
EndProject
Global
	GlobalSection(SolutionConfigurationPlatforms) = preSolution
		Debug|Any CPU = Debug|Any CPU
		Release|Any CPU = Release|Any CPU
	EndGlobalSection
	GlobalSection(ProjectConfigurationPlatforms) = postSolution
		{EA296237-7C75-45CA-9F0A-E871F1DE9B1D}.Debug|Any CPU.ActiveCfg = Debug|Any CPU
		{EA296237-7C75-45CA-9F0A-E871F1DE9B1D}.Release|Any CPU.ActiveCfg = Release|Any CPU
	EndGlobalSection
	GlobalSection(SolutionProperties) = preSolution
		HideSolutionNode = FALSE
	EndGlobalSection
	GlobalSection(ExtensibilityGlobals) = postSolution
		SolutionGuid = {D1F84EB1-B163-4367-88A1-B46A3D457843}
	EndGlobalSection
EndGlobal
